Microsoft Visual Studio Solution File, Format Version 12.00
# Visual Studio Version 17
VisualStudioVersion = 17.0.31903.59
MinimumVisualStudioVersion = 10.0.40219.1
Project("{FAE04EC0-301F-11D3-BF4B-00C04F79EFBC}") = "Relu.AI.Bridge.DesktopConnector", "src\Relu.AI.Bridge.DesktopConnector\Relu.AI.Bridge.DesktopConnector.csproj", "{E49A572F-BD89-4A27-9FD2-C922ED566A20}"
EndProject
Project("{FAE04EC0-301F-11D3-BF4B-00C04F79EFBC}") = "Relu.AI.Bridge.DesktopConnector.Tests", "tests\Relu.AI.Bridge.DesktopConnector.Tests\Relu.AI.Bridge.DesktopConnector.Tests.csproj", "{0F22178B-63A1-4542-8B57-01827D86FC71}"
EndProject
Project("{FAE04EC0-301F-11D3-BF4B-00C04F79EFBC}") = "Relu.AI.Bridge.PerfettoNativeHost", "src\Relu.AI.Bridge.PerfettoNativeHost\Relu.AI.Bridge.PerfettoNativeHost.csproj", "{3A96867F-FAE8-4E0B-A88C-82AF0C8FA41A}"
EndProject
Project("{FAE04EC0-301F-11D3-BF4B-00C04F79EFBC}") = "Relu.AI.Bridge.PerfettoInstaller", "src\Relu.AI.Bridge.PerfettoInstaller\Relu.AI.Bridge.PerfettoInstaller.csproj", "{654D7B2A-4B8A-4B52-A20F-CB257B16DA8F}"
EndProject
Global
	GlobalSection(SolutionConfigurationPlatforms) = preSolution
		Debug|Any CPU = Debug|Any CPU
		Release|Any CPU = Release|Any CPU
	EndGlobalSection
	GlobalSection(ProjectConfigurationPlatforms) = postSolution
		{E49A572F-BD89-4A27-9FD2-C922ED566A20}.Debug|Any CPU.ActiveCfg = Debug|Any CPU
		{E49A572F-BD89-4A27-9FD2-C922ED566A20}.Debug|Any CPU.Build.0 = Debug|Any CPU
		{E49A572F-BD89-4A27-9FD2-C922ED566A20}.Release|Any CPU.ActiveCfg = Release|Any CPU
		{E49A572F-BD89-4A27-9FD2-C922ED566A20}.Release|Any CPU.Build.0 = Release|Any CPU
		{0F22178B-63A1-4542-8B57-01827D86FC71}.Debug|Any CPU.ActiveCfg = Debug|Any CPU
		{0F22178B-63A1-4542-8B57-01827D86FC71}.Debug|Any CPU.Build.0 = Debug|Any CPU
		{0F22178B-63A1-4542-8B57-01827D86FC71}.Release|Any CPU.ActiveCfg = Release|Any CPU
		{0F22178B-63A1-4542-8B57-01827D86FC71}.Release|Any CPU.Build.0 = Release|Any CPU
		{3A96867F-FAE8-4E0B-A88C-82AF0C8FA41A}.Debug|Any CPU.ActiveCfg = Debug|Any CPU
		{3A96867F-FAE8-4E0B-A88C-82AF0C8FA41A}.Debug|Any CPU.Build.0 = Debug|Any CPU
		{3A96867F-FAE8-4E0B-A88C-82AF0C8FA41A}.Release|Any CPU.ActiveCfg = Release|Any CPU
		{3A96867F-FAE8-4E0B-A88C-82AF0C8FA41A}.Release|Any CPU.Build.0 = Release|Any CPU
		{654D7B2A-4B8A-4B52-A20F-CB257B16DA8F}.Debug|Any CPU.ActiveCfg = Debug|Any CPU
		{654D7B2A-4B8A-4B52-A20F-CB257B16DA8F}.Debug|Any CPU.Build.0 = Debug|Any CPU
		{654D7B2A-4B8A-4B52-A20F-CB257B16DA8F}.Release|Any CPU.ActiveCfg = Release|Any CPU
		{654D7B2A-4B8A-4B52-A20F-CB257B16DA8F}.Release|Any CPU.Build.0 = Release|Any CPU
	EndGlobalSection
EndGlobal
